
Microsoft Visual Studio Solution File, Format Version 12.00
# Visual Studio Version 17
VisualStudioVersion = 17.8.34330.188
MinimumVisualStudioVersion = 10.0.40219.1
Project("{FAE04EC0-301F-11D3-BF4B-00C04F79EFBC}") = "Calcolatrice", "Calcolatrice\Calcolatrice.csproj", "{61AC52EE-2A2D-4377-8DB9-94BC4EADC9CF}"
EndProject
Global
	GlobalSection(SolutionConfigurationPlatforms) = preSolution
		Debug|Any CPU = Debug|Any CPU
		Release|Any CPU = Release|Any CPU
	EndGlobalSection
	GlobalSection(ProjectConfigurationPlatforms) = postSolution
		{61AC52EE-2A2D-4377-8DB9-94BC4EADC9CF}.Debug|Any CPU.ActiveCfg = Debug|Any CPU
		{61AC52EE-2A2D-4377-8DB9-94BC4EADC9CF}.Debug|Any CPU.Build.0 = Debug|Any CPU
		{61AC52EE-2A2D-4377-8DB9-94BC4EADC9CF}.Release|Any CPU.ActiveCfg = Release|Any CPU
		{61AC52EE-2A2D-4377-8DB9-94BC4EADC9CF}.Release|Any CPU.Build.0 = Release|Any CPU
	EndGlobalSection
	GlobalSection(SolutionProperties) = preSolution
		HideSolutionNode = FALSE
	EndGlobalSection
	GlobalSection(ExtensibilityGlobals) = postSolution
		SolutionGuid = {6B2ABAB1-9FBE-479C-BDB2-DA4813F8EB5D}
	EndGlobalSection
EndGlobal
